lockfileVersion: '9.0'

settings:
  autoInstallPeers: true
  excludeLinksFromLockfile: false

importers:

  .:
    devDependencies:
      dsh-testkit:
        specifier: 0.3.1
        version: 0.3.1

packages:

  '@oozcitak/dom@2.0.2':
    resolution: {integrity: sha512-GjpKhkSYC3Mj4+lfwEyI1dqnsKTgwGy48ytZEhm4A/xnH/8z9M3ZVXKr/YGQi3uCLs1AEBS+x5T2JPiueEDW8w==}
    engines: {node: '>=20.0'}

  '@oozcitak/infra@2.0.2':
    resolution: {integrity: sha512-2g+E7hoE2dgCz/APPOEK5s3rMhJvNxSMBrP+U+j1OWsIbtSpWxxlUjq1lU8RIsFJNYv7NMlnVsCuHcUzJW+8vA==}
    engines: {node: '>=20.0'}

  '@oozcitak/url@3.0.0':
    resolution: {integrity: sha512-ZKfET8Ak1wsLAiLWNfFkZc/BraDccuTJKR6svTYc7sVjbR+Iu0vtXdiDMY4o6jaFl5TW2TlS7jbLl4VovtAJWQ==}
    engines: {node: '>=20.0'}

  '@oozcitak/util@10.0.0':
    resolution: {integrity: sha512-hAX0pT/73190NLqBPPWSdBVGtbY6VOhWYK3qqHqtXQ1gK7kS2yz4+ivsN07hpJ6I3aeMtKP6J6npsEKOAzuTLA==}
    engines: {node: '>=20.0'}

  argparse@2.0.1:
    resolution: {integrity: sha512-8+9WqebbFzpX9OR+Wa6O29asIogeRMzcGtAINdpMHHyAg10f05aSFVBbcEqGf/PXw1EjAZ+q2/bEBg3DvurK3Q==}

  commander@15.0.0:
    resolution: {integrity: sha512-z67u4ZhzCL/Tydu1lJARtEZYWbWaN7oYLHbsuzocr6y4N6WZAagG3RQ4FW61V1/0+jImpj293XfrcYnd1qxtPg==}
    engines: {node: '>=22.12.0'}

  dsh-testkit@0.3.1:
    resolution: {integrity: sha512-cuL8BpHKDJpa53Sy7yxmEwVpx+ojXpWsSjktNGey3K30Hy5QaiBXscltAuQ7xzIGa5V7exgB6OvtxQQK9exGDg==}
    engines: {node: '>=22'}
    hasBin: true
    peerDependencies:
      '@deepseek-ai/cordis': ^4.0.1
      '@deepseek-ai/dsh-invariants': '>=0.1.0-rc.6 <0.2.0'
      '@deepseek-ai/dsh-tools': '>=0.1.0-rc.6 <0.2.0'
    peerDependenciesMeta:
      '@deepseek-ai/cordis':
        optional: true
      '@deepseek-ai/dsh-invariants':
        optional: true
      '@deepseek-ai/dsh-tools':
        optional: true

  js-yaml@4.3.1:
    resolution: {integrity: sha512-CY6crGq313MX8GkwvB7tzgp99vjQxY1++5y10/BKN/GUfHqWaOGQMNZkBvqSzsZKWk/ijwHlWzzkLulsGHhjWQ==}
    hasBin: true

  xmlbuilder2@4.0.3:
    resolution: {integrity: sha512-bx8Q1STctnNaaDymWnkfQLKofs0mGNN7rLLapJlGuV3VlvegD7Ls4ggMjE3aUSWItCCzU0PEv45lI87iSigiCA==}
    engines: {node: '>=20.0'}

  yaml@2.9.0:
    resolution: {integrity: sha512-2AvhNX3mb8zd6Zy7INTtSpl1F15HW6Wnqj0srWlkKLcpYl/gMIMJiyuGq2KeI2YFxUPjdlB+3Lc10seMLtL4cA==}
    engines: {node: '>= 14.6'}
    hasBin: true

  zod@4.4.3:
    resolution: {integrity: sha512-ytENFjIJFl2UwYglde2jchW2Hwm4GJFLDiSXWdTrJQBIN9Fcyp7n4DhxJEiWNAJMV1/BqWfW/kkg71UDcHJyTQ==}

snapshots:

  '@oozcitak/dom@2.0.2':
    dependencies:
      '@oozcitak/infra': 2.0.2
      '@oozcitak/url': 3.0.0
      '@oozcitak/util': 10.0.0

  '@oozcitak/infra@2.0.2':
    dependencies:
      '@oozcitak/util': 10.0.0

  '@oozcitak/url@3.0.0':
    dependencies:
      '@oozcitak/infra': 2.0.2
      '@oozcitak/util': 10.0.0

  '@oozcitak/util@10.0.0': {}

  argparse@2.0.1: {}

  commander@15.0.0: {}

  dsh-testkit@0.3.1:
    dependencies:
      commander: 15.0.0
      xmlbuilder2: 4.0.3
      yaml: 2.9.0
      zod: 4.4.3

  js-yaml@4.3.1:
    dependencies:
      argparse: 2.0.1

  xmlbuilder2@4.0.3:
    dependencies:
      '@oozcitak/dom': 2.0.2
      '@oozcitak/infra': 2.0.2
      '@oozcitak/util': 10.0.0
      js-yaml: 4.3.1

  yaml@2.9.0: {}

  zod@4.4.3: {}
